{
  "name": "prismatic-dream",
  "version": "1.0.0",
  "lockfileVersion": 1,
  "requires": true,
  "dependencies": {
    "ryb2rgb": {
      "version": "0.0.0",
      "resolved": "https://registry.npmjs.org/ryb2rgb/-/ryb2rgb-0.0.0.tgz",
      "integrity": "sha1-5E4HwDADm5r2q9dGqbFQl3lujn0="
    },
    "tracery-grammar": {
      "version": "2.7.4",
      "resolved": "https://registry.npmjs.org/tracery-grammar/-/tracery-grammar-2.7.4.tgz",
      "integrity": "sha512-oFSEconWOSh73kYSkqU137OYa/7+UCohel6wEFHgNh2ito9lDmitz5xr9IU0OIrxjo7UPSdFMzgKAp1c/lsi6A=="
    }
  }
}
